
Microsoft Visual Studio Solution File, Format Version 12.00
# Visual Studio Version 16
VisualStudioVersion = 16.0.31424.327
MinimumVisualStudioVersion = 10.0.40219.1
Project("{FAE04EC0-301F-11D3-BF4B-00C04F79EFBC}") = "Module14Task1", "Module14Task1\Module14Task1.csproj", "{8C89FB62-50BC-435F-91F3-3EE6C317857C}"
EndProject
Global
	GlobalSection(SolutionConfigurationPlatforms) = preSolution
		Debug|Any CPU = Debug|Any CPU
		Release|Any CPU = Release|Any CPU
	EndGlobalSection
	GlobalSection(ProjectConfigurationPlatforms) = postSolution
		{8C89FB62-50BC-435F-91F3-3EE6C317857C}.Debug|Any CPU.ActiveCfg = Debug|Any CPU
		{8C89FB62-50BC-435F-91F3-3EE6C317857C}.Debug|Any CPU.Build.0 = Debug|Any CPU
		{8C89FB62-50BC-435F-91F3-3EE6C317857C}.Release|Any CPU.ActiveCfg = Release|Any CPU
		{8C89FB62-50BC-435F-91F3-3EE6C317857C}.Release|Any CPU.Build.0 = Release|Any CPU
	EndGlobalSection
	GlobalSection(SolutionProperties) = preSolution
		HideSolutionNode = FALSE
	EndGlobalSection
	GlobalSection(ExtensibilityGlobals) = postSolution
		SolutionGuid = {52E8322F-69EF-490A-A034-EB4DB87726C1}
	EndGlobalSection
EndGlobal
